{
  "version": 4,
  "terraform_version": "1.10.5",
  "serial": 23,
  "lineage": "bb990091-5680-b112-af82-e3c14d1dad27",
  "outputs": {
    "cluster_id": {
      "value": "f14068be-8943-414f-aa7e-cf0954a6b69d",
      "type": "string"
    }
  },
  "resources": [
    {
      "mode": "managed",
      "type": "k3s_cluster",
      "name": "test",
      "provider": "provider[\"example.com/serabass/k3s\"]",
      "instances": [
        {
          "schema_version": 1,
          "attributes": {
            "id": "f14068be-8943-414f-aa7e-cf0954a6b69d",
            "name": "test"
          },
          "sensitive_attributes": []
        }
      ]
    },
    {
      "mode": "managed",
      "type": "k3s_server",
      "name": "master",
      "provider": "provider[\"example.com/serabass/k3s\"]",
      "instances": [
        {
          "schema_version": 1,
          "attributes": {
            "cluster_id": "f14068be-8943-414f-aa7e-cf0954a6b69d",
            "host": "192.168.88.15",
            "name": "master",
            "password": "a",
            "port": 22,
            "ssh_key": null,
            "token": "K10a785ded15db8d84ca0fdab3816a7f2ff2458cd967ef3d24bfd0089ec62c85e63::server:fe337b0eb2a2787954d2b150e40bb38d\n",
            "url": "https://192.168.88.15:6443",
            "username": "a",
            "version": "v1.32.3+k3s1"
          },
          "sensitive_attributes": [],
          "dependencies": [
            "k3s_cluster.test"
          ]
        }
      ]
    }
  ],
  "check_results": null
}
