{
  "version": 4,
  "terraform_version": "1.10.5",
  "serial": 78,
  "lineage": "bb990091-5680-b112-af82-e3c14d1dad27",
  "outputs": {
    "cluster_id": {
      "value": "442f0723-4e2e-44fb-9317-e4378d4b68c5",
      "type": "string"
    },
    "master_token": {
      "value": "K108b702d7293e2763b6511ac463630e546dfdebb440d75834118026c1213ab2ebf::server:332250cb8fd64f2b81a92666385d3f24",
      "type": "string"
    },
    "master_url": {
      "value": "https://192.168.88.15:6443",
      "type": "string"
    }
  },
  "resources": [
    {
      "mode": "managed",
      "type": "k3s_cluster",
      "name": "smarthome",
      "provider": "provider[\"example.com/serabass/k3s\"]",
      "instances": [
        {
          "schema_version": 1,
          "attributes": {
            "id": "442f0723-4e2e-44fb-9317-e4378d4b68c5",
            "name": "smarthome"
          },
          "sensitive_attributes": []
        }
      ]
    },
    {
      "mode": "managed",
      "type": "k3s_sandbox",
      "name": "sandbox",
      "provider": "provider[\"example.com/serabass/k3s\"]",
      "instances": [
        {
          "schema_version": 1,
          "attributes": {
            "cluster_id": "0"
          },
          "sensitive_attributes": []
        }
      ]
    },
    {
      "mode": "managed",
      "type": "k3s_server",
      "name": "master",
      "provider": "provider[\"example.com/serabass/k3s\"]",
      "instances": [
        {
          "schema_version": 1,
          "attributes": {
            "cluster_id": "0",
            "name": "master",
            "ssh": {
              "host": "192.168.88.15",
              "password": "a",
              "port": 22,
              "ssh_key": null,
              "username": "a"
            },
            "token": "K108b702d7293e2763b6511ac463630e546dfdebb440d75834118026c1213ab2ebf::server:332250cb8fd64f2b81a92666385d3f24",
            "url": "https://192.168.88.15:6443"
          },
          "sensitive_attributes": []
        }
      ]
    }
  ],
  "check_results": null
}
