{
  "version": 4,
  "terraform_version": "1.10.5",
  "serial": 4,
  "lineage": "873de783-5dfa-3fe1-2f15-dc2d1f9699e1",
  "outputs": {},
  "resources": [
    {
      "mode": "managed",
      "type": "k3s_sandbox",
      "name": "sandbox",
      "provider": "provider[\"example.com/serabass/k3s\"]",
      "instances": [
        {
          "schema_version": 1,
          "attributes": {
            "cluster_id": "0"
          },
          "sensitive_attributes": []
        }
      ]
    },
    {
      "mode": "managed",
      "type": "k3s_server",
      "name": "master",
      "provider": "provider[\"example.com/serabass/k3s\"]",
      "instances": [
        {
          "status": "tainted",
          "schema_version": 1,
          "attributes": {
            "kube_config": null,
            "name": "master",
            "ssh": {
              "host": "192.168.88.15",
              "password": "a",
              "port": 22,
              "ssh_key": null,
              "username": "a"
            },
            "token": null,
            "url": null
          },
          "sensitive_attributes": []
        }
      ]
    }
  ],
  "check_results": null
}
