{
  "version": 4,
  "terraform_version": "1.10.5",
  "serial": 30,
  "lineage": "bb990091-5680-b112-af82-e3c14d1dad27",
  "outputs": {
    "cluster_id": {
      "value": "f957723a-3a67-4a40-999f-050944835e42",
      "type": "string"
    }
  },
  "resources": [
    {
      "mode": "managed",
      "type": "k3s_cluster",
      "name": "test",
      "provider": "provider[\"example.com/serabass/k3s\"]",
      "instances": [
        {
          "schema_version": 1,
          "attributes": {
            "id": "f957723a-3a67-4a40-999f-050944835e42",
            "name": "test"
          },
          "sensitive_attributes": []
        }
      ]
    },
    {
      "mode": "managed",
      "type": "k3s_server",
      "name": "master",
      "provider": "provider[\"example.com/serabass/k3s\"]",
      "instances": [
        {
          "status": "tainted",
          "schema_version": 1,
          "attributes": {
            "cluster_id": "f957723a-3a67-4a40-999f-050944835e42",
            "host": "192.168.88.15",
            "name": "master",
            "password": "a",
            "port": 22,
            "ssh_key": null,
            "token": "K1041204332dbe7f609fcca8fd178cc6659876a66a96c043f882f949ca59c7b3b08::server:1e727b5f07bde88b439c9b82da163b6d\n",
            "url": "https://192.168.88.15:6443",
            "username": "a",
            "version": "v1.32.3"
          },
          "sensitive_attributes": [],
          "dependencies": [
            "k3s_cluster.test"
          ]
        }
      ]
    }
  ],
  "check_results": null
}
