{
  "version": 4,
  "terraform_version": "1.10.5",
  "serial": 70,
  "lineage": "bb990091-5680-b112-af82-e3c14d1dad27",
  "outputs": {
    "cluster_id": {
      "value": "af91b89f-0241-48df-bd3d-03b991c0e5e9",
      "type": "string"
    },
    "master_token": {
      "value": "K10dd35d31695847f5fa00eab5ddcd63f953d2b18353f95a6b74f23315e0f89c6ec::server:587fd99f1e930ed8a3e713808eab264c\n",
      "type": "string"
    },
    "master_url": {
      "value": "https://192.168.88.15:6443",
      "type": "string"
    }
  },
  "resources": [
    {
      "mode": "managed",
      "type": "k3s_cluster",
      "name": "smarthome",
      "provider": "provider[\"example.com/serabass/k3s\"]",
      "instances": [
        {
          "schema_version": 1,
          "attributes": {
            "id": "af91b89f-0241-48df-bd3d-03b991c0e5e9",
            "name": "smarthome"
          },
          "sensitive_attributes": []
        }
      ]
    },
    {
      "mode": "managed",
      "type": "k3s_sandbox",
      "name": "sandbox",
      "provider": "provider[\"example.com/serabass/k3s\"]",
      "instances": [
        {
          "schema_version": 1,
          "attributes": {
            "cluster_id": "0"
          },
          "sensitive_attributes": []
        }
      ]
    },
    {
      "mode": "managed",
      "type": "k3s_server",
      "name": "master",
      "provider": "provider[\"example.com/serabass/k3s\"]",
      "instances": [
        {
          "schema_version": 1,
          "attributes": {
            "cluster_id": "0",
            "name": "master",
            "ssh": {
              "host": "192.168.88.15",
              "password": "a",
              "port": 22,
              "ssh_key": null,
              "username": "a"
            },
            "token": "K10dd35d31695847f5fa00eab5ddcd63f953d2b18353f95a6b74f23315e0f89c6ec::server:587fd99f1e930ed8a3e713808eab264c\n",
            "url": "https://192.168.88.15:6443"
          },
          "sensitive_attributes": []
        }
      ]
    }
  ],
  "check_results": null
}
